{
    "_readme": [
        "This file locks the dependencies of your project to a known state",
        "Read more about it at http://getcomposer.org/doc/01-basic-usage.md#composer-lock-the-lock-file",
        "This file is @generated automatically"
    ],
    "hash": "a4ff013409f8ba3fbff96d67e483f938",
    "packages": [
        {
            "name": "colymba/gridfield-bulk-editing-tools",
            "version": "v2.1.4",
            "source": {
                "type": "git",
                "url": "https://github.com/colymba/GridFieldBulkEditingTools.git",
                "reference": "f08136597be22a0f4e126892d142a8e9706cb113"
            },
            "dist": {
                "type": "zip",
                "url": "https://api.github.com/repos/colymba/GridFieldBulkEditingTools/zipball/f08136597be22a0f4e126892d142a8e9706cb113",
                "reference": "f08136597be22a0f4e126892d142a8e9706cb113",
                "shasum": ""
            },
            "require": {
                "silverstripe/framework": ">=3.1"
            },
            "type": "silverstripe-module",
            "notification-url": "https://packagist.org/downloads/",
            "license": [
                "BSD Simplified"
            ],
            "authors": [
                {
                    "name": "Thierry Francois",
                    "homepage": "http://colymba.com"
                },
                {
                    "name": "GitHub contributors",
                    "homepage": "https://github.com/colymba/GridFieldBulkEditingTools/contributors"
                }
            ],
            "description": "SilverStripe 3 GridField component to upload images and edit records in bulk",
            "homepage": "https://github.com/colymba/GridFieldBulkEditingTools",
            "keywords": [
                "Image upload",
                "bulk upload",
                "gridfield bulk upload",
                "silverstripe"
            ],
            "time": "2016-01-18 16:40:24"
        },
        {
            "name": "composer/installers",
            "version": "v1.0.23",
            "source": {
                "type": "git",
                "url": "https://github.com/composer/installers.git",
                "reference": "6213d900e92647831f7a406d5c530ea1f3d4360e"
            },
            "dist": {
                "type": "zip",
                "url": "https://api.github.com/repos/composer/installers/zipball/6213d900e92647831f7a406d5c530ea1f3d4360e",
                "reference": "6213d900e92647831f7a406d5c530ea1f3d4360e",
                "shasum": ""
            },
            "require": {
                "composer-plugin-api": "^1.0"
            },
            "replace": {
                "roundcube/plugin-installer": "*",
                "shama/baton": "*"
            },
            "require-dev": {
                "composer/composer": "1.0.*@dev",
                "phpunit/phpunit": "4.1.*"
            },
            "type": "composer-plugin",
            "extra": {
                "class": "Composer\\Installers\\Plugin",
                "branch-alias": {
                    "dev-master": "1.0-dev"
                }
            },
            "autoload": {
                "psr-0": {
                    "Composer\\Installers\\": "src/"
                }
            },
            "notification-url": "https://packagist.org/downloads/",
            "license": [
                "MIT"
            ],
            "authors": [
                {
                    "name": "Kyle Robinson Young",
                    "email": "kyle@dontkry.com",
                    "homepage": "https://github.com/shama"
                }
            ],
            "description": "A multi-framework Composer library installer",
            "homepage": "http://composer.github.com/installers/",
            "keywords": [
                "Craft",
                "Dolibarr",
                "Hurad",
                "MODX Evo",
                "OXID",
                "SMF",
                "Thelia",
                "WolfCMS",
                "agl",
                "aimeos",
                "annotatecms",
                "bitrix",
                "cakephp",
                "chef",
                "codeigniter",
                "concrete5",
                "croogo",
                "dokuwiki",
                "drupal",
                "elgg",
                "fuelphp",
                "grav",
                "installer",
                "joomla",
                "kohana",
                "laravel",
                "lithium",
                "magento",
                "mako",
                "mediawiki",
                "modulework",
                "moodle",
                "phpbb",
                "piwik",
                "ppi",
                "puppet",
                "roundcube",
                "shopware",
                "silverstripe",
                "symfony",
                "typo3",
                "wordpress",
                "zend",
                "zikula"
            ],
            "time": "2016-01-27 12:54:22"
        },
        {
            "name": "embed/embed",
            "version": "v2.2.7",
            "source": {
                "type": "git",
                "url": "https://github.com/oscarotero/Embed.git",
                "reference": "75736ec8928e1d27929105ef9902a08d52ec5b34"
            },
            "dist": {
                "type": "zip",
                "url": "https://api.github.com/repos/oscarotero/Embed/zipball/75736ec8928e1d27929105ef9902a08d52ec5b34",
                "reference": "75736ec8928e1d27929105ef9902a08d52ec5b34",
                "shasum": ""
            },
            "require": {
                "ext-curl": "*",
                "php": ">=5.4.0"
            },
            "require-dev": {
                "phpunit/phpunit": "~4.0"
            },
            "type": "library",
            "autoload": {
                "psr-4": {
                    "Embed\\": "src"
                }
            },
            "notification-url": "https://packagist.org/downloads/",
            "license": [
                "MIT"
            ],
            "authors": [
                {
                    "name": "Oscar Otero",
                    "email": "oom@oscarotero.com",
                    "homepage": "http://oscarotero.com",
                    "role": "Developer"
                }
            ],
            "description": "PHP library to retrieve page info using oembed, opengraph, etc",
            "homepage": "https://github.com/oscarotero/Embed",
            "keywords": [
                "embed",
                "embedly",
                "oembed",
                "opengraph",
                "twitter cards"
            ],
            "time": "2015-06-27 17:19:54"
        },
        {
            "name": "gdmedia/ss-auto-git-ignore",
            "version": "dev-master",
            "source": {
                "type": "git",
                "url": "https://github.com/guru-digital/SSAutoGitIgnore.git",
                "reference": "8021f819a4c5e8508e7f3542b199144cad45d727"
            },
            "dist": {
                "type": "zip",
                "url": "https://api.github.com/repos/guru-digital/SSAutoGitIgnore/zipball/8021f819a4c5e8508e7f3542b199144cad45d727",
                "reference": "8021f819a4c5e8508e7f3542b199144cad45d727",
                "shasum": ""
            },
            "type": "library",
            "autoload": {
                "psr-0": {
                    "GDM\\": "./"
                }
            },
            "notification-url": "https://packagist.org/downloads/",
            "authors": [
                {
                    "name": "Corey Sewell",
                    "email": "corey@gurudigal.nz"
                }
            ],
            "description": "A Composer post-update-cmd script to automatically add Composer managed SilverStripe modules and themes to .gitignore",
            "time": "2015-12-30 08:59:16"
        },
        {
            "name": "guzzlehttp/guzzle",
            "version": "5.3.x-dev",
            "source": {
                "type": "git",
                "url": "https://github.com/guzzle/guzzle.git",
                "reference": "4afc9682f51b2880c6417e9f4aa19c26b53472e9"
            },
            "dist": {
                "type": "zip",
                "url": "https://api.github.com/repos/guzzle/guzzle/zipball/4afc9682f51b2880c6417e9f4aa19c26b53472e9",
                "reference": "4afc9682f51b2880c6417e9f4aa19c26b53472e9",
                "shasum": ""
            },
            "require": {
                "guzzlehttp/ringphp": "^1.1",
                "php": ">=5.4.0"
            },
            "require-dev": {
                "ext-curl": "*",
                "phpunit/phpunit": "^4.0"
            },
            "type": "library",
            "autoload": {
                "psr-4": {
                    "GuzzleHttp\\": "src/"
                }
            },
            "notification-url": "https://packagist.org/downloads/",
            "license": [
                "MIT"
            ],
            "authors": [
                {
                    "name": "Michael Dowling",
                    "email": "mtdowling@gmail.com",
                    "homepage": "https://github.com/mtdowling"
                }
            ],
            "description": "Guzzle is a PHP HTTP client library and framework for building RESTful web service clients",
            "homepage": "http://guzzlephp.org/",
            "keywords": [
                "client",
                "curl",
                "framework",
                "http",
                "http client",
                "rest",
                "web service"
            ],
            "time": "2016-02-08 19:23:30"
        },
        {
            "name": "guzzlehttp/ringphp",
            "version": "dev-master",
            "source": {
                "type": "git",
                "url": "https://github.com/guzzle/RingPHP.git",
                "reference": "9465032ac5d6beaa55f10923403e6e1c36018d9c"
            },
            "dist": {
                "type": "zip",
                "url": "https://api.github.com/repos/guzzle/RingPHP/zipball/9465032ac5d6beaa55f10923403e6e1c36018d9c",
                "reference": "9465032ac5d6beaa55f10923403e6e1c36018d9c",
                "shasum": ""
            },
            "require": {
                "guzzlehttp/streams": "~3.0",
                "php": ">=5.4.0",
                "react/promise": "~2.0"
            },
            "require-dev": {
                "ext-curl": "*",
                "phpunit/phpunit": "~4.0"
            },
            "suggest": {
                "ext-curl": "Guzzle will use specific adapters if cURL is present"
            },
            "type": "library",
            "extra": {
                "branch-alias": {
                    "dev-master": "1.1-dev"
                }
            },
            "autoload": {
                "psr-4": {
                    "GuzzleHttp\\Ring\\": "src/"
                }
            },
            "notification-url": "https://packagist.org/downloads/",
            "license": [
                "MIT"
            ],
            "authors": [
                {
                    "name": "Michael Dowling",
                    "email": "mtdowling@gmail.com",
                    "homepage": "https://github.com/mtdowling"
                }
            ],
            "description": "Provides a simple API and specification that abstracts away the details of HTTP into a single PHP function.",
            "time": "2015-05-21 17:23:02"
        },
        {
            "name": "guzzlehttp/streams",
            "version": "dev-master",
            "source": {
                "type": "git",
                "url": "https://github.com/guzzle/streams.git",
                "reference": "d1f8a6c55f0f753cfd6f6755856473eb02cedb19"
            },
            "dist": {
                "type": "zip",
                "url": "https://api.github.com/repos/guzzle/streams/zipball/d1f8a6c55f0f753cfd6f6755856473eb02cedb19",
                "reference": "d1f8a6c55f0f753cfd6f6755856473eb02cedb19",
                "shasum": ""
            },
            "require": {
                "php": ">=5.4.0"
            },
            "require-dev": {
                "phpunit/phpunit": "~4.0"
            },
            "type": "library",
            "extra": {
                "branch-alias": {
                    "dev-master": "3.0-dev"
                }
            },
            "autoload": {
                "psr-4": {
                    "GuzzleHttp\\Stream\\": "src/"
                }
            },
            "notification-url": "https://packagist.org/downloads/",
            "license": [
                "MIT"
            ],
            "authors": [
                {
                    "name": "Michael Dowling",
                    "email": "mtdowling@gmail.com",
                    "homepage": "https://github.com/mtdowling"
                }
            ],
            "description": "Provides a simple abstraction over streams of data",
            "homepage": "http://guzzlephp.org/",
            "keywords": [
                "Guzzle",
                "stream"
            ],
            "time": "2015-01-22 00:01:34"
        },
        {
            "name": "jonom/focuspoint",
            "version": "2.0.1",
            "source": {
                "type": "git",
                "url": "https://github.com/jonom/silverstripe-focuspoint.git",
                "reference": "3296204495d3c9f6ba8ef2f2a6408a173782a8d9"
            },
            "dist": {
                "type": "zip",
                "url": "https://api.github.com/repos/jonom/silverstripe-focuspoint/zipball/3296204495d3c9f6ba8ef2f2a6408a173782a8d9",
                "reference": "3296204495d3c9f6ba8ef2f2a6408a173782a8d9",
                "shasum": ""
            },
            "require": {
                "silverstripe/framework": "^3.2"
            },
            "type": "silverstripe-module",
            "notification-url": "https://packagist.org/downloads/",
            "license": [
                "BSD-3-Clause"
            ],
            "authors": [
                {
                    "name": "Jonathon Menz",
                    "homepage": "http://jonathonmenz.com"
                }
            ],
            "description": "Smarter automatic image cropping for SilverStripe",
            "keywords": [
                "crop",
                "cropping",
                "focus",
                "focuspoint",
                "image",
                "silverstripe"
            ],
            "time": "2015-12-18 19:03:42"
        },
        {
            "name": "kinglozzer/silverstripe-mailgunner",
            "version": "1.1.0",
            "source": {
                "type": "git",
                "url": "https://github.com/kinglozzer/silverstripe-mailgunner.git",
                "reference": "12b3bbed874f487a7bab53c0ef215a1cc373bcb3"
            },
            "dist": {
                "type": "zip",
                "url": "https://api.github.com/repos/kinglozzer/silverstripe-mailgunner/zipball/12b3bbed874f487a7bab53c0ef215a1cc373bcb3",
                "reference": "12b3bbed874f487a7bab53c0ef215a1cc373bcb3",
                "shasum": ""
            },
            "require": {
                "mailgun/mailgun-php": "~1.8.0",
                "silverstripe/framework": "^3.0"
            },
            "require-dev": {
                "phpunit/phpunit": "~3.7"
            },
            "type": "silverstripe-module",
            "extra": {
                "installer-name": "mailgunner"
            },
            "autoload": {
                "psr-4": {
                    "Kinglozzer\\SilverStripeMailgunner\\": "src/"
                }
            },
            "notification-url": "https://packagist.org/downloads/",
            "license": [
                "BSD-3-Clause"
            ],
            "authors": [
                {
                    "name": "Loz Calver",
                    "email": "lozcalver@bigfork.co.uk",
                    "homepage": "https://github.com/kinglozzer"
                }
            ],
            "description": "Mailgun integration for SilverStripe emails",
            "homepage": "https://github.com/kinglozzer/silverstripe-mailgunner",
            "keywords": [
                "email",
                "mailer",
                "mailgun",
                "mailgunner",
                "silverstripe"
            ],
            "time": "2016-03-01 14:34:49"
        },
        {
            "name": "mailgun/mailgun-php",
            "version": "v1.8",
            "source": {
                "type": "git",
                "url": "https://github.com/mailgun/mailgun-php.git",
                "reference": "225e8005950027df22fc5f5b1ada58f4ad116d60"
            },
            "dist": {
                "type": "zip",
                "url": "https://api.github.com/repos/mailgun/mailgun-php/zipball/225e8005950027df22fc5f5b1ada58f4ad116d60",
                "reference": "225e8005950027df22fc5f5b1ada58f4ad116d60",
                "shasum": ""
            },
            "require": {
                "guzzlehttp/guzzle": "~5.0"
            },
            "require-dev": {
                "php": ">=5.4.0",
                "phpunit/phpunit": "~4.6"
            },
            "type": "library",
            "autoload": {
                "psr-0": {
                    "Mailgun\\Tests": "tests/",
                    "Mailgun": "src/"
                }
            },
            "notification-url": "https://packagist.org/downloads/",
            "license": [
                "MIT"
            ],
            "authors": [
                {
                    "name": "Travis Swientek",
                    "email": "travis@mailgunhq.com"
                }
            ],
            "description": "The Mailgun SDK provides methods for all API functions.",
            "time": "2015-05-06 17:52:51"
        },
        {
            "name": "praxisnetau/silverstripe-moderno-admin",
            "version": "dev-master",
            "target-dir": "silverstripe-moderno-admin",
            "source": {
                "type": "git",
                "url": "https://github.com/praxisnetau/silverstripe-moderno-admin.git",
                "reference": "4a263511d856c6e75dc0b31abbae99932727a4a8"
            },
            "dist": {
                "type": "zip",
                "url": "https://api.github.com/repos/praxisnetau/silverstripe-moderno-admin/zipball/4a263511d856c6e75dc0b31abbae99932727a4a8",
                "reference": "4a263511d856c6e75dc0b31abbae99932727a4a8",
                "shasum": ""
            },
            "require": {
                "php": ">=5.3.2",
                "silverstripe/framework": "~3.1"
            },
            "type": "silverstripe-module",
            "extra": {
                "installer-name": "silverstripe-moderno-admin"
            },
            "notification-url": "https://packagist.org/downloads/",
            "license": [
                "BSD-3-Clause"
            ],
            "authors": [
                {
                    "name": "Colin Tucker",
                    "email": "colin@praxis.net.au"
                }
            ],
            "description": "A SilverStripe module to give the CMS a more modern, flat appearance.",
            "homepage": "https://github.com/praxisnetau/silverstripe-moderno-admin",
            "keywords": [
                "admin",
                "cms",
                "flat",
                "moderno",
                "silverstripe",
                "skin",
                "theme"
            ],
            "time": "2016-02-25 23:06:45"
        },
        {
            "name": "react/promise",
            "version": "v2.2.2",
            "source": {
                "type": "git",
                "url": "https://github.com/reactphp/promise.git",
                "reference": "3aacad8bf10c7d83e6fa2089d413529888c2bedf"
            },
            "dist": {
                "type": "zip",
                "url": "https://api.github.com/repos/reactphp/promise/zipball/3aacad8bf10c7d83e6fa2089d413529888c2bedf",
                "reference": "3aacad8bf10c7d83e6fa2089d413529888c2bedf",
                "shasum": ""
            },
            "require": {
                "php": ">=5.4.0"
            },
            "type": "library",
            "extra": {
                "branch-alias": {
                    "dev-master": "2.0-dev"
                }
            },
            "autoload": {
                "psr-4": {
                    "React\\Promise\\": "src/"
                },
                "files": [
                    "src/functions_include.php"
                ]
            },
            "notification-url": "https://packagist.org/downloads/",
            "license": [
                "MIT"
            ],
            "authors": [
                {
                    "name": "Jan Sorgalla",
                    "email": "jsorgalla@gmail.com"
                }
            ],
            "description": "A lightweight implementation of CommonJS Promises/A for PHP",
            "time": "2016-02-26 19:09:02"
        },
        {
            "name": "ryanpotter/silverstripe-color-field",
            "version": "0.1.0",
            "source": {
                "type": "git",
                "url": "https://github.com/Rhym/silverstripe-color-field.git",
                "reference": "a7d6b436406fb353ee673f6a7b3dadda9f6a9986"
            },
            "dist": {
                "type": "zip",
                "url": "https://api.github.com/repos/Rhym/silverstripe-color-field/zipball/a7d6b436406fb353ee673f6a7b3dadda9f6a9986",
                "reference": "a7d6b436406fb353ee673f6a7b3dadda9f6a9986",
                "shasum": ""
            },
            "require": {
                "composer/installers": "*"
            },
            "type": "silverstripe-module",
            "extra": {
                "installer-name": "silverstripe-color-field"
            },
            "notification-url": "https://packagist.org/downloads/",
            "license": [
                "BSD-3-Clause"
            ],
            "authors": [
                {
                    "name": "Ryan Potter",
                    "homepage": "http://ryanpotter.co.nz/",
                    "role": "Developer"
                }
            ],
            "description": "Silverstripe Color Field",
            "keywords": [
                "silverstripe"
            ],
            "time": "2015-08-26 04:22:01"
        },
        {
            "name": "sheadawson/silverstripe-linkable",
            "version": "1.2.2",
            "source": {
                "type": "git",
                "url": "https://github.com/sheadawson/silverstripe-linkable.git",
                "reference": "3a8bec6de900b4abd50dc36846a9354d75654369"
            },
            "dist": {
                "type": "zip",
                "url": "https://api.github.com/repos/sheadawson/silverstripe-linkable/zipball/3a8bec6de900b4abd50dc36846a9354d75654369",
                "reference": "3a8bec6de900b4abd50dc36846a9354d75654369",
                "shasum": ""
            },
            "require": {
                "embed/embed": "~2.2.2",
                "php": ">=5.3.2",
                "silverstripe/cms": "^3.2",
                "silverstripe/framework": "^3.2",
                "unclecheese/display-logic": "^1"
            },
            "type": "silverstripe-module",
            "extra": {
                "installer-name": "linkable",
                "branch-alias": {
                    "dev-master": "1.2.x-dev"
                }
            },
            "notification-url": "https://packagist.org/downloads/",
            "license": [
                "BSD-3-Clause"
            ],
            "authors": [
                {
                    "name": "Marcus Nyeholt",
                    "email": "marcus@silverstripe.com.au"
                },
                {
                    "name": "Shea Dawson",
                    "email": "shea@silverstripe.com.au"
                }
            ],
            "description": "A couple of handy form fields and objects for managing external and internal links on DataObjects",
            "homepage": "http://github.com/sheadawson/silverstripe-linkable",
            "keywords": [
                "cms",
                "link",
                "silverstripe"
            ],
            "time": "2016-02-02 09:38:46"
        },
        {
            "name": "silverstripe-australia/gridfieldextensions",
            "version": "1.3.0",
            "source": {
                "type": "git",
                "url": "https://github.com/silverstripe-australia/silverstripe-gridfieldextensions.git",
                "reference": "ef57799a6898f4eeb1fe3ee2ab1eb2e0f58e5f9f"
            },
            "dist": {
                "type": "zip",
                "url": "https://api.github.com/repos/silverstripe-australia/silverstripe-gridfieldextensions/zipball/ef57799a6898f4eeb1fe3ee2ab1eb2e0f58e5f9f",
                "reference": "ef57799a6898f4eeb1fe3ee2ab1eb2e0f58e5f9f",
                "shasum": ""
            },
            "require": {
                "silverstripe/framework": "~3.1"
            },
            "replace": {
                "ajshort/silverstripe-gridfieldextensions": "self.version"
            },
            "type": "silverstripe-module",
            "extra": {
                "installer-name": "gridfieldextensions",
                "branch-alias": {
                    "dev-master": "1.2.x-dev"
                },
                "screenshots": [
                    "docs/en/_images/editable-rows.png",
                    "docs/en/_images/add-existing-search.png"
                ]
            },
            "notification-url": "https://packagist.org/downloads/",
            "license": [
                "BSD-3-Clause"
            ],
            "authors": [
                {
                    "name": "Marcus Nyeholt",
                    "email": "marcus@silverstripe.com.au"
                },
                {
                    "name": "Andrew Short",
                    "email": "andrewjshort@gmail.com"
                }
            ],
            "description": "A collection of useful grid field components",
            "homepage": "http://github.com/silverstripe-australia/silverstripe-gridfieldextensions",
            "keywords": [
                "gridfield",
                "silverstripe"
            ],
            "time": "2015-11-17 15:02:18"
        },
        {
            "name": "silverstripe/cms",
            "version": "3.2.1",
            "source": {
                "type": "git",
                "url": "https://github.com/silverstripe/silverstripe-cms.git",
                "reference": "a40c8e034af4e145b788d7561b092fe8f09c7c58"
            },
            "dist": {
                "type": "zip",
                "url": "https://api.github.com/repos/silverstripe/silverstripe-cms/zipball/a40c8e034af4e145b788d7561b092fe8f09c7c58",
                "reference": "a40c8e034af4e145b788d7561b092fe8f09c7c58",
                "shasum": ""
            },
            "require": {
                "composer/installers": "*",
                "php": ">=5.3.3",
                "silverstripe/framework": "~3.2",
                "silverstripe/reports": "~3.2",
                "silverstripe/siteconfig": "~3.2"
            },
            "type": "silverstripe-module",
            "autoload": {
                "classmap": [
                    "tests/behat/"
                ]
            },
            "notification-url": "https://packagist.org/downloads/",
            "license": [
                "BSD-3-Clause"
            ],
            "authors": [
                {
                    "name": "SilverStripe",
                    "homepage": "http://silverstripe.com"
                },
                {
                    "name": "The SilverStripe Community",
                    "homepage": "http://silverstripe.org"
                }
            ],
            "description": "The SilverStripe Content Management System",
            "homepage": "http://silverstripe.org",
            "keywords": [
                "cms",
                "silverstripe"
            ],
            "time": "2015-11-16 03:01:51"
        },
        {
            "name": "silverstripe/framework",
            "version": "3.2.1",
            "source": {
                "type": "git",
                "url": "https://github.com/silverstripe/silverstripe-framework.git",
                "reference": "0178fa5a1873a0f1d6100268c86dab81a18c23a5"
            },
            "dist": {
                "type": "zip",
                "url": "https://api.github.com/repos/silverstripe/silverstripe-framework/zipball/0178fa5a1873a0f1d6100268c86dab81a18c23a5",
                "reference": "0178fa5a1873a0f1d6100268c86dab81a18c23a5",
                "shasum": ""
            },
            "require": {
                "composer/installers": "~1.0",
                "php": ">=5.3.3,<7"
            },
            "require-dev": {
                "phpunit/phpunit": "~3.7"
            },
            "type": "silverstripe-module",
            "autoload": {
                "classmap": [
                    "tests/behat/features/bootstrap"
                ]
            },
            "notification-url": "https://packagist.org/downloads/",
            "license": [
                "BSD-3-Clause"
            ],
            "authors": [
                {
                    "name": "SilverStripe",
                    "homepage": "http://silverstripe.com"
                },
                {
                    "name": "The SilverStripe Community",
                    "homepage": "http://silverstripe.org"
                }
            ],
            "description": "The SilverStripe framework",
            "homepage": "http://silverstripe.org",
            "keywords": [
                "framework",
                "silverstripe"
            ],
            "time": "2015-11-16 03:17:10"
        },
        {
            "name": "silverstripe/googlesitemaps",
            "version": "1.4.0",
            "source": {
                "type": "git",
                "url": "https://github.com/silverstripe-labs/silverstripe-googlesitemaps.git",
                "reference": "c549ca4d3fd1c4014494b434f5cf49b792a107c9"
            },
            "dist": {
                "type": "zip",
                "url": "https://api.github.com/repos/silverstripe-labs/silverstripe-googlesitemaps/zipball/c549ca4d3fd1c4014494b434f5cf49b792a107c9",
                "reference": "c549ca4d3fd1c4014494b434f5cf49b792a107c9",
                "shasum": ""
            },
            "require": {
                "silverstripe/framework": "~3.1"
            },
            "type": "silverstripe-module",
            "notification-url": "https://packagist.org/downloads/",
            "license": [
                "BSD"
            ],
            "authors": [
                {
                    "name": "Will Rossiter",
                    "email": "will@fullscreen.io"
                }
            ],
            "description": "SilverStripe support for the Google Sitemaps XML system, enabling Google and other search engines to see all urls on your site. This helps your SilverStripe website rank well in search engines, and to encourage the information on your site to be discovered by Google quickly.",
            "homepage": "https://github.com/silverstripe-labs/silverstripe-googlesitemaps",
            "keywords": [
                "googlesitemaps",
                "seo",
                "silverstripe"
            ],
            "time": "2015-09-07 08:00:33"
        },
        {
            "name": "silverstripe/reports",
            "version": "3.2.2",
            "source": {
                "type": "git",
                "url": "https://github.com/silverstripe-labs/silverstripe-reports.git",
                "reference": "af2d51125c4651f27d8fb279e44e8ceb5f2996f9"
            },
            "dist": {
                "type": "zip",
                "url": "https://api.github.com/repos/silverstripe-labs/silverstripe-reports/zipball/af2d51125c4651f27d8fb279e44e8ceb5f2996f9",
                "reference": "af2d51125c4651f27d8fb279e44e8ceb5f2996f9",
                "shasum": ""
            },
            "require": {
                "php": ">=5.3.3",
                "silverstripe/framework": "~3.2"
            },
            "require-dev": {
                "phpunit/phpunit": "~3.7"
            },
            "type": "silverstripe-module",
            "notification-url": "https://packagist.org/downloads/",
            "license": [
                "BSD-3-Clause"
            ],
            "authors": [
                {
                    "name": "SilverStripe",
                    "homepage": "http://silverstripe.com"
                },
                {
                    "name": "The SilverStripe Community",
                    "homepage": "http://silverstripe.org"
                }
            ],
            "homepage": "http://silverstripe.org",
            "keywords": [
                "cms",
                "reports",
                "silverstripe"
            ],
            "time": "2015-12-16 21:00:39"
        },
        {
            "name": "silverstripe/segment-field",
            "version": "1.0.3",
            "source": {
                "type": "git",
                "url": "https://github.com/assertchris/silverstripe-segment-field.git",
                "reference": "0b1445307bac488ddc35d624564f4300e8080029"
            },
            "dist": {
                "type": "zip",
                "url": "https://api.github.com/repos/assertchris/silverstripe-segment-field/zipball/0b1445307bac488ddc35d624564f4300e8080029",
                "reference": "0b1445307bac488ddc35d624564f4300e8080029",
                "shasum": ""
            },
            "require": {
                "silverstripe/cms": "^3.1",
                "silverstripe/framework": "^3.1"
            },
            "require-dev": {
                "mockery/mockery": "^0.9",
                "phpunit/phpunit": "^3.7"
            },
            "type": "silverstripe-module",
            "autoload": {
                "psr-4": {
                    "SilverStripe\\Forms\\": "code"
                }
            },
            "notification-url": "https://packagist.org/downloads/",
            "license": [
                "MIT"
            ],
            "description": "A reusable approach to segment-generating fields",
            "keywords": [
                "segment",
                "silverstripe"
            ],
            "time": "2015-08-18 04:44:43"
        },
        {
            "name": "silverstripe/siteconfig",
            "version": "3.3.0",
            "source": {
                "type": "git",
                "url": "https://github.com/silverstripe/silverstripe-siteconfig.git",
                "reference": "3c41aaa7de144022e267df3c2b0c6c928d362ae2"
            },
            "dist": {
                "type": "zip",
                "url": "https://api.github.com/repos/silverstripe/silverstripe-siteconfig/zipball/3c41aaa7de144022e267df3c2b0c6c928d362ae2",
                "reference": "3c41aaa7de144022e267df3c2b0c6c928d362ae2",
                "shasum": ""
            },
            "require": {
                "silverstripe/framework": "*"
            },
            "type": "silverstripe-module",
            "extra": {
                "branch-alias": {
                    "3.x-dev": "3.3.x-dev"
                }
            },
            "autoload": {
                "classmap": [
                    "tests/behat/"
                ]
            },
            "notification-url": "https://packagist.org/downloads/",
            "authors": [
                {
                    "name": "Will Rossiter",
                    "email": "will@fullscreen.io"
                }
            ],
            "description": "Site wide settings administration.",
            "keywords": [
                "silverstripe",
                "siteconfig"
            ],
            "time": "2016-02-24 03:06:04"
        },
        {
            "name": "silverstripe/subsites",
            "version": "1.1.x-dev",
            "source": {
                "type": "git",
                "url": "https://github.com/silverstripe/silverstripe-subsites.git",
                "reference": "fb670d30d779ea316bfa8354085094e2bca45627"
            },
            "dist": {
                "type": "zip",
                "url": "https://api.github.com/repos/silverstripe/silverstripe-subsites/zipball/fb670d30d779ea316bfa8354085094e2bca45627",
                "reference": "fb670d30d779ea316bfa8354085094e2bca45627",
                "shasum": ""
            },
            "require": {
                "silverstripe/cms": "~3.2",
                "silverstripe/framework": "~3.2"
            },
            "require-dev": {
                "phpunit/phpunit": "~3.7@stable"
            },
            "type": "silverstripe-module",
            "notification-url": "https://packagist.org/downloads/",
            "authors": [
                {
                    "name": "Sam Minnee",
                    "email": "sam@silverstripe.com"
                }
            ],
            "description": "Run multiple sites from a single SilverStripe install.",
            "keywords": [
                "multisite",
                "silverstripe",
                "subsites"
            ],
            "time": "2016-01-05 01:00:15"
        },
        {
            "name": "silverstripe/userforms",
            "version": "3.1.1",
            "source": {
                "type": "git",
                "url": "https://github.com/silverstripe/silverstripe-userforms.git",
                "reference": "8f2fac4c2bac5a377d59b03fb60737687eaf03b1"
            },
            "dist": {
                "type": "zip",
                "url": "https://api.github.com/repos/silverstripe/silverstripe-userforms/zipball/8f2fac4c2bac5a377d59b03fb60737687eaf03b1",
                "reference": "8f2fac4c2bac5a377d59b03fb60737687eaf03b1",
                "shasum": ""
            },
            "require": {
                "silverstripe-australia/gridfieldextensions": "~1.1",
                "silverstripe/cms": "~3.1",
                "silverstripe/framework": "~3.1",
                "silverstripe/segment-field": "^1.0"
            },
            "suggest": {
                "colymba/gridfield-bulk-editing-tools": "Allows for bulk management of form submissions",
                "silverstripe/secureassets": "Enables files uploaded via userforms to be secured from public access"
            },
            "type": "silverstripe-module",
            "extra": {
                "branch-alias": {
                    "dev-master": "3.1.x-dev"
                }
            },
            "notification-url": "https://packagist.org/downloads/",
            "license": [
                "BSD-3-Clause"
            ],
            "authors": [
                {
                    "name": "David Craig",
                    "email": "david@silverstripe.com"
                },
                {
                    "name": "Damian Mooyman",
                    "email": "damian@silverstripe.com"
                },
                {
                    "name": "Will Rossiter",
                    "email": "will@fullscreen.io"
                },
                {
                    "name": "Christopher Pitt",
                    "email": "chris@silverstripe.com"
                },
                {
                    "name": "Scott Hutchinson",
                    "email": "scott@silverstripe.com"
                }
            ],
            "description": "UserForms enables CMS users to create dynamic forms via a drag and drop interface and without getting involved in any PHP code",
            "keywords": [
                "silverstripe",
                "userforms"
            ],
            "time": "2016-02-04 05:05:27"
        },
        {
            "name": "unclecheese/betterbuttons",
            "version": "1.2.11",
            "source": {
                "type": "git",
                "url": "https://github.com/unclecheese/silverstripe-gridfield-betterbuttons.git",
                "reference": "8144382cfd8e457ec62c680663b7056eb5e85491"
            },
            "dist": {
                "type": "zip",
                "url": "https://api.github.com/repos/unclecheese/silverstripe-gridfield-betterbuttons/zipball/8144382cfd8e457ec62c680663b7056eb5e85491",
                "reference": "8144382cfd8e457ec62c680663b7056eb5e85491",
                "shasum": ""
            },
            "require": {
                "silverstripe/framework": "~3.1"
            },
            "type": "silverstripe-module",
            "notification-url": "https://packagist.org/downloads/",
            "license": [
                "GNU"
            ],
            "authors": [
                {
                    "name": "Uncle Cheese",
                    "email": "unclecheese@leftandmain.com"
                }
            ],
            "description": "Adds new form actions and buttons to GridField detail form for usability enhancements.",
            "keywords": [
                "buttons",
                "gridfield",
                "silverstripe"
            ],
            "time": "2015-12-18 20:44:09"
        },
        {
            "name": "unclecheese/display-logic",
            "version": "1.3.2",
            "source": {
                "type": "git",
                "url": "https://github.com/unclecheese/silverstripe-display-logic.git",
                "reference": "43a2213c4748c3f56fc91842ab3a4a3b22caacf0"
            },
            "dist": {
                "type": "zip",
                "url": "https://api.github.com/repos/unclecheese/silverstripe-display-logic/zipball/43a2213c4748c3f56fc91842ab3a4a3b22caacf0",
                "reference": "43a2213c4748c3f56fc91842ab3a4a3b22caacf0",
                "shasum": ""
            },
            "require": {
                "silverstripe/framework": "^3.2"
            },
            "replace": {
                "silverstripe/display-logic": "*"
            },
            "type": "silverstripe-module",
            "extra": {
                "installer-name": "display_logic"
            },
            "notification-url": "https://packagist.org/downloads/",
            "license": [
                "BSD-3-Clause"
            ],
            "authors": [
                {
                    "name": "Uncle Cheese",
                    "email": "unclecheese@leftandmain.com"
                }
            ],
            "description": "Allows assignment of conditions for display and hide of specific form fields based on client side behavior.",
            "keywords": [
                "Forms",
                "cms",
                "display",
                "logic",
                "silverstripe"
            ],
            "time": "2015-12-14 22:02:51"
        },
        {
            "name": "unclecheese/dropzone",
            "version": "dev-master",
            "source": {
                "type": "git",
                "url": "https://github.com/unclecheese/silverstripe-dropzone.git",
                "reference": "f8c1a4598aaa03b54683b7b70f6ee7ff48f215a6"
            },
            "dist": {
                "type": "zip",
                "url": "https://api.github.com/repos/unclecheese/silverstripe-dropzone/zipball/f8c1a4598aaa03b54683b7b70f6ee7ff48f215a6",
                "reference": "f8c1a4598aaa03b54683b7b70f6ee7ff48f215a6",
                "shasum": ""
            },
            "require": {
                "silverstripe/framework": "3.*"
            },
            "type": "silverstripe-module",
            "extra": {
                "installer-name": "dropzone"
            },
            "notification-url": "https://packagist.org/downloads/",
            "license": [
                "BSD-3-Clause"
            ],
            "authors": [
                {
                    "name": "Uncle Cheese",
                    "email": "unclecheese@leftandmain.com"
                }
            ],
            "description": "An HTML5 upload field for the CMS and frontend forms.",
            "keywords": [
                "Forms",
                "cms",
                "files",
                "silverstripe",
                "upload",
                "uploader"
            ],
            "time": "2016-02-10 03:51:28"
        },
        {
            "name": "unclecheese/zen-fields",
            "version": "1.0.2",
            "source": {
                "type": "git",
                "url": "https://github.com/unclecheese/silverstripe-zen-fields.git",
                "reference": "4f78e03575cb7fc6060f7643487bd0ad874fbdeb"
            },
            "dist": {
                "type": "zip",
                "url": "https://api.github.com/repos/unclecheese/silverstripe-zen-fields/zipball/4f78e03575cb7fc6060f7643487bd0ad874fbdeb",
                "reference": "4f78e03575cb7fc6060f7643487bd0ad874fbdeb",
                "shasum": ""
            },
            "require": {
                "silverstripe/cms": "3.*",
                "silverstripe/framework": "3.*"
            },
            "type": "silverstripe-module",
            "extra": {
                "installer-name": "zen_fields"
            },
            "notification-url": "https://packagist.org/downloads/",
            "license": [
                "BSD-3-Clause"
            ],
            "authors": [
                {
                    "name": "Uncle Cheese",
                    "email": "unclecheese@leftandmain.com",
                    "homepage": "http://leftandmain.com"
                }
            ],
            "description": "Syntactic sugar for SilverStripe FieldLists",
            "keywords": [
                "Forms",
                "fieldlist",
                "fields",
                "silverstripe"
            ],
            "time": "2014-05-19 21:47:58"
        },
        {
            "name": "undefinedoffset/sortablegridfield",
            "version": "dev-master",
            "source": {
                "type": "git",
                "url": "https://github.com/UndefinedOffset/SortableGridField.git",
                "reference": "8f9201c69664d41ab2a369e500f14e1b8c5f4e1e"
            },
            "dist": {
                "type": "zip",
                "url": "https://api.github.com/repos/UndefinedOffset/SortableGridField/zipball/8f9201c69664d41ab2a369e500f14e1b8c5f4e1e",
                "reference": "8f9201c69664d41ab2a369e500f14e1b8c5f4e1e",
                "shasum": ""
            },
            "require": {
                "composer/installers": "*",
                "silverstripe/framework": ">=3.0.1"
            },
            "type": "silverstripe-module",
            "extra": {
                "installer-name": "sortablegridfield"
            },
            "notification-url": "https://packagist.org/downloads/",
            "license": [
                "BSD-3-Clause"
            ],
            "authors": [
                {
                    "name": "Ed Chipman",
                    "homepage": "http://www.edchipman.ca",
                    "role": "Developer"
                }
            ],
            "description": "Adds drag and drop functionality to SilverStripe 3.0's GridField",
            "keywords": [
                "gridfield",
                "silverstripe"
            ],
            "time": "2016-02-13 19:09:25"
        }
    ],
    "packages-dev": [],
    "aliases": [],
    "minimum-stability": "dev",
    "stability-flags": {
        "gdmedia/ss-auto-git-ignore": 20,
        "unclecheese/dropzone": 20,
        "silverstripe/subsites": 20,
        "undefinedoffset/sortablegridfield": 20,
        "praxisnetau/silverstripe-moderno-admin": 20
    },
    "prefer-stable": false,
    "prefer-lowest": false,
    "platform": [],
    "platform-dev": []
}
